
Microsoft Visual Studio Solution File, Format Version 12.00
# Visual Studio 2013
VisualStudioVersion = 12.0.21005.1
MinimumVisualStudioVersion = 10.0.40219.1
Project("{FAE04EC0-301F-11D3-BF4B-00C04F79EFBC}") = "进程模拟调度", "进程模拟调度\进程模拟调度.csproj", "{984F30A0-6F6F-4AB3-B46A-7A9DB3CD2BBD}"
EndProject
Global
	GlobalSection(TeamFoundationVersionControl) = preSolution
		SccNumberOfProjects = 2
		SccEnterpriseProvider = {4CA58AB2-18FA-4F8D-95D4-32DDF27D184C}
		SccTeamFoundationServer = https://bajdcc.visualstudio.com/defaultcollection
		SccLocalPath0 = .
		SccProjectUniqueName1 = 进程模拟调度\\进程模拟调度.csproj
		SccProjectName1 = 进程模拟调度
		SccLocalPath1 = 进程模拟调度
	EndGlobalSection
	GlobalSection(SolutionConfigurationPlatforms) = preSolution
		Debug|Any CPU = Debug|Any CPU
		Release|Any CPU = Release|Any CPU
	EndGlobalSection
	GlobalSection(ProjectConfigurationPlatforms) = postSolution
		{984F30A0-6F6F-4AB3-B46A-7A9DB3CD2BBD}.Debug|Any CPU.ActiveCfg = Debug|Any CPU
		{984F30A0-6F6F-4AB3-B46A-7A9DB3CD2BBD}.Debug|Any CPU.Build.0 = Debug|Any CPU
		{984F30A0-6F6F-4AB3-B46A-7A9DB3CD2BBD}.Release|Any CPU.ActiveCfg = Release|Any CPU
		{984F30A0-6F6F-4AB3-B46A-7A9DB3CD2BBD}.Release|Any CPU.Build.0 = Release|Any CPU
	EndGlobalSection
	GlobalSection(SolutionProperties) = preSolution
		HideSolutionNode = FALSE
	EndGlobalSection
EndGlobal
