<?xml version="1.0" encoding="utf-8"?>
<Project ToolsVersion="4.0" xmlns="http://schemas.microsoft.com/developer/msbuild/2003">
  <ItemGroup>
    <Filter Include="Source Files">
      <UniqueIdentifier>{bf4b5605-62f3-460b-ac29-0c4a915fac9d}</UniqueIdentifier>
      <Extensions>cpp;c;cxx;rc;def;r;odl;idl;hpj;bat</Extensions>
    </Filter>
    <Filter Include="Header Files">
      <UniqueIdentifier>{212b46ec-0815-44e4-88b2-bc641de97668}</UniqueIdentifier>
      <Extensions>h;hpp;hxx;hm;inl</Extensions>
    </Filter>
  </ItemGroup>
  <ItemGroup>
    <ClCompile Include="src\boxcylinder.cpp">
      <Filter>Source Files</Filter>
    </ClCompile>
    <ClCompile Include="src\collision.cpp">
      <Filter>Source Files</Filter>
    </ClCompile>
    <ClCompile Include="src\collisionbody.cpp">
      <Filter>Source Files</Filter>
    </ClCompile>
    <ClCompile Include="src\constraint.cpp">
      <Filter>Source Files</Filter>
    </ClCompile>
    <ClCompile Include="src\cylinder.cpp">
      <Filter>Source Files</Filter>
    </ClCompile>
    <ClCompile Include="src\dcd.cpp">
      <Filter>Source Files</Filter>
    </ClCompile>
    <ClCompile Include="src\lines.cpp">
      <Filter>Source Files</Filter>
    </ClCompile>
    <ClCompile Include="src\ne_interface.cpp">
      <Filter>Source Files</Filter>
    </ClCompile>
    <ClCompile Include="src\perflinux.cpp">
      <Filter>Source Files</Filter>
    </ClCompile>
    <ClCompile Include="src\perfwin32.cpp">
      <Filter>Source Files</Filter>
    </ClCompile>
    <ClCompile Include="src\region.cpp">
      <Filter>Source Files</Filter>
    </ClCompile>
    <ClCompile Include="src\restcontact.cpp">
      <Filter>Source Files</Filter>
    </ClCompile>
    <ClCompile Include="src\rigidbody.cpp">
      <Filter>Source Files</Filter>
    </ClCompile>
    <ClCompile Include="src\rigidbodybase.cpp">
      <Filter>Source Files</Filter>
    </ClCompile>
    <ClCompile Include="src\scenery.cpp">
      <Filter>Source Files</Filter>
    </ClCompile>
    <ClCompile Include="src\simulator.cpp">
      <Filter>Source Files</Filter>
    </ClCompile>
    <ClCompile Include="src\solver.cpp">
      <Filter>Source Files</Filter>
    </ClCompile>
    <ClCompile Include="src\sphere.cpp">
      <Filter>Source Files</Filter>
    </ClCompile>
    <ClCompile Include="src\stack.cpp">
      <Filter>Source Files</Filter>
    </ClCompile>
    <ClCompile Include="src\tricollision.cpp">
      <Filter>Source Files</Filter>
    </ClCompile>
    <ClCompile Include="src\useopcode.cpp">
      <Filter>Source Files</Filter>
    </ClCompile>
  </ItemGroup>
  <ItemGroup>
    <ClInclude Include="src\collision.h">
      <Filter>Source Files</Filter>
    </ClInclude>
    <ClInclude Include="src\collision2.h">
      <Filter>Source Files</Filter>
    </ClInclude>
    <ClInclude Include="src\constraint.h">
      <Filter>Source Files</Filter>
    </ClInclude>
    <ClInclude Include="src\containers.h">
      <Filter>Source Files</Filter>
    </ClInclude>
    <ClInclude Include="src\dcd.h">
      <Filter>Source Files</Filter>
    </ClInclude>
    <ClInclude Include="src\message.h">
      <Filter>Source Files</Filter>
    </ClInclude>
    <ClInclude Include="src\perfwin32.h">
      <Filter>Source Files</Filter>
    </ClInclude>
    <ClInclude Include="src\rigidbody.h">
      <Filter>Source Files</Filter>
    </ClInclude>
    <ClInclude Include="src\scenery.h">
      <Filter>Source Files</Filter>
    </ClInclude>
    <ClInclude Include="src\simulator.h">
      <Filter>Source Files</Filter>
    </ClInclude>
    <ClInclude Include="src\stack.h">
      <Filter>Source Files</Filter>
    </ClInclude>
    <ClInclude Include="..\include\math\ne_debug.h">
      <Filter>Header Files</Filter>
    </ClInclude>
    <ClInclude Include="..\include\math\ne_math.h">
      <Filter>Header Files</Filter>
    </ClInclude>
    <ClInclude Include="..\include\math\ne_math_m3_inline.h">
      <Filter>Header Files</Filter>
    </ClInclude>
    <ClInclude Include="..\include\math\ne_math_m4_inline.h">
      <Filter>Header Files</Filter>
    </ClInclude>
    <ClInclude Include="..\include\math\ne_math_misc_inline.h">
      <Filter>Header Files</Filter>
    </ClInclude>
    <ClInclude Include="..\include\math\ne_math_q_inline.h">
      <Filter>Header Files</Filter>
    </ClInclude>
    <ClInclude Include="..\include\math\ne_math_t3_inline.h">
      <Filter>Header Files</Filter>
    </ClInclude>
    <ClInclude Include="..\include\math\ne_math_v2_inline.h">
      <Filter>Header Files</Filter>
    </ClInclude>
    <ClInclude Include="..\include\math\ne_math_v3_inline.h">
      <Filter>Header Files</Filter>
    </ClInclude>
    <ClInclude Include="..\include\math\ne_math_v4_inline.h">
      <Filter>Header Files</Filter>
    </ClInclude>
    <ClInclude Include="..\include\math\ne_smath.h">
      <Filter>Header Files</Filter>
    </ClInclude>
    <ClInclude Include="..\include\math\ne_type.h">
      <Filter>Header Files</Filter>
    </ClInclude>
    <ClInclude Include="..\include\tokamak.h">
      <Filter>Header Files</Filter>
    </ClInclude>
  </ItemGroup>
  <ItemGroup>
    <CustomBuildStep Include="src\perflinux.h">
      <Filter>Source Files</Filter>
    </CustomBuildStep>
  </ItemGroup>
</Project>